
Microsoft Visual Studio Solution File, Format Version 11.00
# Visual Studio 2010
Project("{FAE04EC0-301F-11D3-BF4B-00C04F79EFBC}") = "SqlGeneratorExcelAddIn", "SqlGeneratorExcelAddIn\SqlGeneratorExcelAddIn.csproj", "{0E5FFD1A-F4B4-4295-9653-BB0B2663A45B}"
EndProject
Global
	GlobalSection(SolutionConfigurationPlatforms) = preSolution
		Debug|Any CPU = Debug|Any CPU
		Release|Any CPU = Release|Any CPU
	EndGlobalSection
	GlobalSection(ProjectConfigurationPlatforms) = postSolution
		{0E5FFD1A-F4B4-4295-9653-BB0B2663A45B}.Debug|Any CPU.ActiveCfg = Debug|Any CPU
		{0E5FFD1A-F4B4-4295-9653-BB0B2663A45B}.Debug|Any CPU.Build.0 = Debug|Any CPU
		{0E5FFD1A-F4B4-4295-9653-BB0B2663A45B}.Release|Any CPU.ActiveCfg = Release|Any CPU
		{0E5FFD1A-F4B4-4295-9653-BB0B2663A45B}.Release|Any CPU.Build.0 = Release|Any CPU
	EndGlobalSection
	GlobalSection(SolutionProperties) = preSolution
		HideSolutionNode = FALSE
	EndGlobalSection
EndGlobal
